// !$*UTF8*$!
{
	archiveVersion = 1;
	classes = {
	};
	objectVersion = 56;
	objects = {

/* Begin PBXBuildFile section */
		303EEA1C2ABB628500CF35B3 /* LocationModel.swift in Sources */ = {isa = PBXBuildFile; fileRef = 303EEA1B2ABB628500CF35B3 /* LocationModel.swift */; };
		303EEA1E2ABB66B500CF35B3 /* MapAnnotationView.swift in Sources */ = {isa = PBXBuildFile; fileRef = 303EEA1D2ABB66B500CF35B3 /* MapAnnotationView.swift */; };
		303EEA202ABB6B1100CF35B3 /* MotionAnimationView.swift in Sources */ = {isa = PBXBuildFile; fileRef = 303EEA1F2ABB6B1100CF35B3 /* MotionAnimationView.swift */; };
		306338F82ABA0D9D00F5F90E /* AnimalDetailView.swift in Sources */ = {isa = PBXBuildFile; fileRef = 306338F72ABA0D9D00F5F90E /* AnimalDetailView.swift */; };
		306338FA2ABA106200F5F90E /* HeadingView.swift in Sources */ = {isa = PBXBuildFile; fileRef = 306338F92ABA106200F5F90E /* HeadingView.swift */; };
		306338FC2ABA118500F5F90E /* InsetGalleryView.swift in Sources */ = {isa = PBXBuildFile; fileRef = 306338FB2ABA118500F5F90E /* InsetGalleryView.swift */; };
		306338FE2ABA143A00F5F90E /* InsetFactView.swift in Sources */ = {isa = PBXBuildFile; fileRef = 306338FD2ABA143A00F5F90E /* InsetFactView.swift */; };
		306339002ABA163D00F5F90E /* InsetMapView.swift in Sources */ = {isa = PBXBuildFile; fileRef = 306338FF2ABA163D00F5F90E /* InsetMapView.swift */; };
		306339022ABA195300F5F90E /* ExternalWebLinkView.swift in Sources */ = {isa = PBXBuildFile; fileRef = 306339012ABA195300F5F90E /* ExternalWebLinkView.swift */; };
		3088B9BD2ABC53FA00AE5DEA /* Stickers.xcassets in Resources */ = {isa = PBXBuildFile; fileRef = 3088B9BC2ABC53FA00AE5DEA /* Stickers.xcassets */; };
		3088B9C12ABC53FA00AE5DEA /* Stickers.appex in Embed Foundation Extensions */ = {isa = PBXBuildFile; fileRef = 3088B9BA2ABC53F800AE5DEA /* Stickers.appex */; settings = {ATTRIBUTES = (RemoveHeadersOnCopy, ); }; };
		3088B9C72ABC56FC00AE5DEA /* CreditsView.swift in Sources */ = {isa = PBXBuildFile; fileRef = 3088B9C62ABC56FC00AE5DEA /* CreditsView.swift */; };
		3088B9CA2ABC592200AE5DEA /* CenterModifier.swift in Sources */ = {isa = PBXBuildFile; fileRef = 3088B9C92ABC592200AE5DEA /* CenterModifier.swift */; };
		309E70702ABC288900C939D8 /* AnimalGridItemView.swift in Sources */ = {isa = PBXBuildFile; fileRef = 309E706F2ABC288900C939D8 /* AnimalGridItemView.swift */; };
		30D55ED82ABB1EAF00791052 /* VideoModel.swift in Sources */ = {isa = PBXBuildFile; fileRef = 30D55ED72ABB1EAF00791052 /* VideoModel.swift */; };
		30D55EDA2ABB1F2700791052 /* VideoListItemView.swift in Sources */ = {isa = PBXBuildFile; fileRef = 30D55ED92ABB1F2700791052 /* VideoListItemView.swift */; };
		30D55EDC2ABB255100791052 /* VideoPlayerView.swift in Sources */ = {isa = PBXBuildFile; fileRef = 30D55EDB2ABB255100791052 /* VideoPlayerView.swift */; };
		30D55EDF2ABB265300791052 /* VideoPlayerHelper.swift in Sources */ = {isa = PBXBuildFile; fileRef = 30D55EDE2ABB265300791052 /* VideoPlayerHelper.swift */; };
		30E3254B2AB9CE1E00D14B8D /* AfricaApp.swift in Sources */ = {isa = PBXBuildFile; fileRef = 30E3254A2AB9CE1E00D14B8D /* AfricaApp.swift */; };
		30E3254D2AB9CE1E00D14B8D /* ContentView.swift in Sources */ = {isa = PBXBuildFile; fileRef = 30E3254C2AB9CE1E00D14B8D /* ContentView.swift */; };
		30E3254F2AB9CE1F00D14B8D /* Assets.xcassets in Resources */ = {isa = PBXBuildFile; fileRef = 30E3254E2AB9CE1F00D14B8D /* Assets.xcassets */; };
		30E325522AB9CE1F00D14B8D /* Preview Assets.xcassets in Resources */ = {isa = PBXBuildFile; fileRef = 30E325512AB9CE1F00D14B8D /* Preview Assets.xcassets */; };
		30E325682AB9D06E00D14B8D /* covers.json in Resources */ = {isa = PBXBuildFile; fileRef = 30E325642AB9D06E00D14B8D /* covers.json */; };
		30E325692AB9D06E00D14B8D /* locations.json in Resources */ = {isa = PBXBuildFile; fileRef = 30E325652AB9D06E00D14B8D /* locations.json */; };
		30E3256A2AB9D06E00D14B8D /* videos.json in Resources */ = {isa = PBXBuildFile; fileRef = 30E325662AB9D06E00D14B8D /* videos.json */; };
		30E3256B2AB9D06E00D14B8D /* animals.json in Resources */ = {isa = PBXBuildFile; fileRef = 30E325672AB9D06E00D14B8D /* animals.json */; };
		30E3256F2AB9D26500D14B8D /* VideoListView.swift in Sources */ = {isa = PBXBuildFile; fileRef = 30E3256E2AB9D26500D14B8D /* VideoListView.swift */; };
		30E325712AB9D27F00D14B8D /* MapView.swift in Sources */ = {isa = PBXBuildFile; fileRef = 30E325702AB9D27F00D14B8D /* MapView.swift */; };
		30E325732AB9D29100D14B8D /* GalleryView.swift in Sources */ = {isa = PBXBuildFile; fileRef = 30E325722AB9D29100D14B8D /* GalleryView.swift */; };
		30E325752AB9D2A400D14B8D /* MainView.swift in Sources */ = {isa = PBXBuildFile; fileRef = 30E325742AB9D2A400D14B8D /* MainView.swift */; };
		30E325782AB9D47600D14B8D /* CoverImageView.swift in Sources */ = {isa = PBXBuildFile; fileRef = 30E325772AB9D47600D14B8D /* CoverImageView.swift */; };
		30E3257B2AB9D69500D14B8D /* CoverImageModel.swift in Sources */ = {isa = PBXBuildFile; fileRef = 30E3257A2AB9D69500D14B8D /* CoverImageModel.swift */; };
		30E3257E2AB9D7BF00D14B8D /* CodableBundleExtension.swift in Sources */ = {isa = PBXBuildFile; fileRef = 30E3257D2AB9D7BF00D14B8D /* CodableBundleExtension.swift */; };
		30E325802AB9DB7600D14B8D /* AnimalListItemView.swift in Sources */ = {isa = PBXBuildFile; fileRef = 30E3257F2AB9DB7600D14B8D /* AnimalListItemView.swift */; };
		30E325822AB9DD0F00D14B8D /* AnimalModel.swift in Sources */ = {isa = PBXBuildFile; fileRef = 30E325812AB9DD0F00D14B8D /* AnimalModel.swift */; };
/* End PBXBuildFile section */

/* Begin PBXContainerItemProxy section */
		3088B9BF2ABC53FA00AE5DEA /* PBXContainerItemProxy */ = {
			isa = PBXContainerItemProxy;
			containerPortal = 30E3253F2AB9CE1E00D14B8D /* Project object */;
			proxyType = 1;
			remoteGlobalIDString = 3088B9B92ABC53F800AE5DEA;
			remoteInfo = Stickers;
		};
/* End PBXContainerItemProxy section */

/* Begin PBXCopyFilesBuildPhase section */
		3088B9C22ABC53FA00AE5DEA /* Embed Foundation Extensions */ = {
			isa = PBXCopyFilesBuildPhase;
			buildActionMask = 2147483647;
			dstPath = "";
			dstSubfolderSpec = 13;
			files = (
				3088B9C12ABC53FA00AE5DEA /* Stickers.appex in Embed Foundation Extensions */,
			);
			name = "Embed Foundation Extensions";
			runOnlyForDeploymentPostprocessing = 0;
		};
/* End PBXCopyFilesBuildPhase section */

/* Begin PBXFileReference section */
		303EEA1B2ABB628500CF35B3 /* LocationModel.swift */ = {isa = PBXFileReference; lastKnownFileType = sourcecode.swift; path = LocationModel.swift; sourceTree = "<group>"; };
		303EEA1D2ABB66B500CF35B3 /* MapAnnotationView.swift */ = {isa = PBXFileReference; lastKnownFileType = sourcecode.swift; path = MapAnnotationView.swift; sourceTree = "<group>"; };
		303EEA1F2ABB6B1100CF35B3 /* MotionAnimationView.swift */ = {isa = PBXFileReference; lastKnownFileType = sourcecode.swift; path = MotionAnimationView.swift; sourceTree = "<group>"; };
		306338F72ABA0D9D00F5F90E /* AnimalDetailView.swift */ = {isa = PBXFileReference; lastKnownFileType = sourcecode.swift; path = AnimalDetailView.swift; sourceTree = "<group>"; };
		306338F92ABA106200F5F90E /* HeadingView.swift */ = {isa = PBXFileReference; lastKnownFileType = sourcecode.swift; path = HeadingView.swift; sourceTree = "<group>"; };
		306338FB2ABA118500F5F90E /* InsetGalleryView.swift */ = {isa = PBXFileReference; lastKnownFileType = sourcecode.swift; path = InsetGalleryView.swift; sourceTree = "<group>"; };
		306338FD2ABA143A00F5F90E /* InsetFactView.swift */ = {isa = PBXFileReference; lastKnownFileType = sourcecode.swift; path = InsetFactView.swift; sourceTree = "<group>"; };
		306338FF2ABA163D00F5F90E /* InsetMapView.swift */ = {isa = PBXFileReference; lastKnownFileType = sourcecode.swift; path = InsetMapView.swift; sourceTree = "<group>"; };
		306339012ABA195300F5F90E /* ExternalWebLinkView.swift */ = {isa = PBXFileReference; lastKnownFileType = sourcecode.swift; path = ExternalWebLinkView.swift; sourceTree = "<group>"; };
		3088B9BA2ABC53F800AE5DEA /* Stickers.appex */ = {isa = PBXFileReference; explicitFileType = "wrapper.app-extension"; includeInIndex = 0; path = Stickers.appex; sourceTree = BUILT_PRODUCTS_DIR; };
		3088B9BC2ABC53FA00AE5DEA /* Stickers.xcassets */ = {isa = PBXFileReference; lastKnownFileType = folder.assetcatalog; path = Stickers.xcassets; sourceTree = "<group>"; };
		3088B9BE2ABC53FA00AE5DEA /* Info.plist */ = {isa = PBXFileReference; lastKnownFileType = text.plist.xml; path = Info.plist; sourceTree = "<group>"; };
		3088B9C62ABC56FC00AE5DEA /* CreditsView.swift */ = {isa = PBXFileReference; lastKnownFileType = sourcecode.swift; path = CreditsView.swift; sourceTree = "<group>"; };
		3088B9C92ABC592200AE5DEA /* CenterModifier.swift */ = {isa = PBXFileReference; lastKnownFileType = sourcecode.swift; path = CenterModifier.swift; sourceTree = "<group>"; };
		3088B9CB2ABC5B7400AE5DEA /* Africa.entitlements */ = {isa = PBXFileReference; lastKnownFileType = text.plist.entitlements; path = Africa.entitlements; sourceTree = "<group>"; };
		309E706F2ABC288900C939D8 /* AnimalGridItemView.swift */ = {isa = PBXFileReference; lastKnownFileType = sourcecode.swift; path = AnimalGridItemView.swift; sourceTree = "<group>"; };
		30D55ED72ABB1EAF00791052 /* VideoModel.swift */ = {isa = PBXFileReference; lastKnownFileType = sourcecode.swift; path = VideoModel.swift; sourceTree = "<group>"; };
		30D55ED92ABB1F2700791052 /* VideoListItemView.swift */ = {isa = PBXFileReference; lastKnownFileType = sourcecode.swift; path = VideoListItemView.swift; sourceTree = "<group>"; };
		30D55EDB2ABB255100791052 /* VideoPlayerView.swift */ = {isa = PBXFileReference; lastKnownFileType = sourcecode.swift; path = VideoPlayerView.swift; sourceTree = "<group>"; };
		30D55EDE2ABB265300791052 /* VideoPlayerHelper.swift */ = {isa = PBXFileReference; lastKnownFileType = sourcecode.swift; path = VideoPlayerHelper.swift; sourceTree = "<group>"; };
		30E325472AB9CE1E00D14B8D /* Africa.app */ = {isa = PBXFileReference; explicitFileType = wrapper.application; includeInIndex = 0; path = Africa.app; sourceTree = BUILT_PRODUCTS_DIR; };
		30E3254A2AB9CE1E00D14B8D /* AfricaApp.swift */ = {isa = PBXFileReference; lastKnownFileType = sourcecode.swift; path = AfricaApp.swift; sourceTree = "<group>"; };
		30E3254C2AB9CE1E00D14B8D /* ContentView.swift */ = {isa = PBXFileReference; lastKnownFileType = sourcecode.swift; path = ContentView.swift; sourceTree = "<group>"; };
		30E3254E2AB9CE1F00D14B8D /* Assets.xcassets */ = {isa = PBXFileReference; lastKnownFileType = folder.assetcatalog; path = Assets.xcassets; sourceTree = "<group>"; };
		30E325512AB9CE1F00D14B8D /* Preview Assets.xcassets */ = {isa = PBXFileReference; lastKnownFileType = folder.assetcatalog; path = "Preview Assets.xcassets"; sourceTree = "<group>"; };
		30E325592AB9D02200D14B8D /* giraffe.mp4 */ = {isa = PBXFileReference; lastKnownFileType = file; path = giraffe.mp4; sourceTree = "<group>"; };
		30E3255A2AB9D02200D14B8D /* ostrich.mp4 */ = {isa = PBXFileReference; lastKnownFileType = file; path = ostrich.mp4; sourceTree = "<group>"; };
		30E3255B2AB9D02200D14B8D /* rhino.mp4 */ = {isa = PBXFileReference; lastKnownFileType = file; path = rhino.mp4; sourceTree = "<group>"; };
		30E3255C2AB9D02300D14B8D /* gorilla.mp4 */ = {isa = PBXFileReference; lastKnownFileType = file; path = gorilla.mp4; sourceTree = "<group>"; };
		30E3255D2AB9D02300D14B8D /* elephant.mp4 */ = {isa = PBXFileReference; lastKnownFileType = file; path = elephant.mp4; sourceTree = "<group>"; };
		30E3255E2AB9D02300D14B8D /* zebra.mp4 */ = {isa = PBXFileReference; lastKnownFileType = file; path = zebra.mp4; sourceTree = "<group>"; };
		30E3255F2AB9D02400D14B8D /* lioness.mp4 */ = {isa = PBXFileReference; lastKnownFileType = file; path = lioness.mp4; sourceTree = "<group>"; };
		30E325602AB9D02400D14B8D /* hippo.mp4 */ = {isa = PBXFileReference; lastKnownFileType = file; path = hippo.mp4; sourceTree = "<group>"; };
		30E325612AB9D02400D14B8D /* lion.mp4 */ = {isa = PBXFileReference; lastKnownFileType = file; path = lion.mp4; sourceTree = "<group>"; };
		30E325622AB9D02500D14B8D /* cheetah.mp4 */ = {isa = PBXFileReference; lastKnownFileType = file; path = cheetah.mp4; sourceTree = "<group>"; };
		30E325642AB9D06E00D14B8D /* covers.json */ = {isa = PBXFileReference; fileEncoding = 4; lastKnownFileType = text.json; path = covers.json; sourceTree = "<group>"; };
		30E325652AB9D06E00D14B8D /* locations.json */ = {isa = PBXFileReference; fileEncoding = 4; lastKnownFileType = text.json; path = locations.json; sourceTree = "<group>"; };
		30E325662AB9D06E00D14B8D /* videos.json */ = {isa = PBXFileReference; fileEncoding = 4; lastKnownFileType = text.json; path = videos.json; sourceTree = "<group>"; };
		30E325672AB9D06E00D14B8D /* animals.json */ = {isa = PBXFileReference; fileEncoding = 4; lastKnownFileType = text.json; path = animals.json; sourceTree = "<group>"; };
		30E3256C2AB9D16300D14B8D /* Info.plist */ = {isa = PBXFileReference; lastKnownFileType = text.plist; path = Info.plist; sourceTree = "<group>"; };
		30E3256E2AB9D26500D14B8D /* VideoListView.swift */ = {isa = PBXFileReference; lastKnownFileType = sourcecode.swift; path = VideoListView.swift; sourceTree = "<group>"; };
		30E325702AB9D27F00D14B8D /* MapView.swift */ = {isa = PBXFileReference; lastKnownFileType = sourcecode.swift; path = MapView.swift; sourceTree = "<group>"; };
		30E325722AB9D29100D14B8D /* GalleryView.swift */ = {isa = PBXFileReference; lastKnownFileType = sourcecode.swift; path = GalleryView.swift; sourceTree = "<group>"; };
		30E325742AB9D2A400D14B8D /* MainView.swift */ = {isa = PBXFileReference; lastKnownFileType = sourcecode.swift; path = MainView.swift; sourceTree = "<group>"; };
		30E325772AB9D47600D14B8D /* CoverImageView.swift */ = {isa = PBXFileReference; lastKnownFileType = sourcecode.swift; path = CoverImageView.swift; sourceTree = "<group>"; };
		30E3257A2AB9D69500D14B8D /* CoverImageModel.swift */ = {isa = PBXFileReference; lastKnownFileType = sourcecode.swift; path = CoverImageModel.swift; sourceTree = "<group>"; };
		30E3257D2AB9D7BF00D14B8D /* CodableBundleExtension.swift */ = {isa = PBXFileReference; lastKnownFileType = sourcecode.swift; path = CodableBundleExtension.swift; sourceTree = "<group>"; };
		30E3257F2AB9DB7600D14B8D /* AnimalListItemView.swift */ = {isa = PBXFileReference; lastKnownFileType = sourcecode.swift; path = AnimalListItemView.swift; sourceTree = "<group>"; };
		30E325812AB9DD0F00D14B8D /* AnimalModel.swift */ = {isa = PBXFileReference; lastKnownFileType = sourcecode.swift; path = AnimalModel.swift; sourceTree = "<group>"; };
/* End PBXFileReference section */

/* Begin PBXFrameworksBuildPhase section */
		30E325442AB9CE1E00D14B8D /* Frameworks */ = {
			isa = PBXFrameworksBuildPhase;
			buildActionMask = 2147483647;
			files = (
			);
			runOnlyForDeploymentPostprocessing = 0;
		};
/* End PBXFrameworksBuildPhase section */

/* Begin PBXGroup section */
		3088B9BB2ABC53F800AE5DEA /* Stickers */ = {
			isa = PBXGroup;
			children = (
				3088B9BC2ABC53FA00AE5DEA /* Stickers.xcassets */,
				3088B9BE2ABC53FA00AE5DEA /* Info.plist */,
			);
			path = Stickers;
			sourceTree = "<group>";
		};
		3088B9C82ABC590700AE5DEA /* Modifier */ = {
			isa = PBXGroup;
			children = (
				3088B9C92ABC592200AE5DEA /* CenterModifier.swift */,
			);
			path = Modifier;
			sourceTree = "<group>";
		};
		30D55EDD2ABB263700791052 /* Helper */ = {
			isa = PBXGroup;
			children = (
				30D55EDE2ABB265300791052 /* VideoPlayerHelper.swift */,
			);
			path = Helper;
			sourceTree = "<group>";
		};
		30E3253E2AB9CE1E00D14B8D = {
			isa = PBXGroup;
			children = (
				30E325492AB9CE1E00D14B8D /* Africa */,
				3088B9BB2ABC53F800AE5DEA /* Stickers */,
				30E325482AB9CE1E00D14B8D /* Products */,
			);
			sourceTree = "<group>";
		};
		30E325482AB9CE1E00D14B8D /* Products */ = {
			isa = PBXGroup;
			children = (
				30E325472AB9CE1E00D14B8D /* Africa.app */,
				3088B9BA2ABC53F800AE5DEA /* Stickers.appex */,
			);
			name = Products;
			sourceTree = "<group>";
		};
		30E325492AB9CE1E00D14B8D /* Africa */ = {
			isa = PBXGroup;
			children = (
				3088B9CB2ABC5B7400AE5DEA /* Africa.entitlements */,
				3088B9C82ABC590700AE5DEA /* Modifier */,
				30D55EDD2ABB263700791052 /* Helper */,
				30E3256D2AB9D21300D14B8D /* App */,
				30E325762AB9D46900D14B8D /* View */,
				30E3257C2AB9D7AA00D14B8D /* Extension */,
				30E325792AB9D68400D14B8D /* Model */,
				30E325632AB9D05600D14B8D /* Data */,
				30E325582AB9D00C00D14B8D /* Video */,
				30E3256C2AB9D16300D14B8D /* Info.plist */,
				30E3254E2AB9CE1F00D14B8D /* Assets.xcassets */,
				30E325502AB9CE1F00D14B8D /* Preview Content */,
			);
			path = Africa;
			sourceTree = "<group>";
		};
		30E325502AB9CE1F00D14B8D /* Preview Content */ = {
			isa = PBXGroup;
			children = (
				30E325512AB9CE1F00D14B8D /* Preview Assets.xcassets */,
			);
			path = "Preview Content";
			sourceTree = "<group>";
		};
		30E325582AB9D00C00D14B8D /* Video */ = {
			isa = PBXGroup;
			children = (
				30E325622AB9D02500D14B8D /* cheetah.mp4 */,
				30E3255D2AB9D02300D14B8D /* elephant.mp4 */,
				30E325592AB9D02200D14B8D /* giraffe.mp4 */,
				30E3255C2AB9D02300D14B8D /* gorilla.mp4 */,
				30E325602AB9D02400D14B8D /* hippo.mp4 */,
				30E325612AB9D02400D14B8D /* lion.mp4 */,
				30E3255F2AB9D02400D14B8D /* lioness.mp4 */,
				30E3255A2AB9D02200D14B8D /* ostrich.mp4 */,
				30E3255B2AB9D02200D14B8D /* rhino.mp4 */,
				30E3255E2AB9D02300D14B8D /* zebra.mp4 */,
			);
			path = Video;
			sourceTree = "<group>";
		};
		30E325632AB9D05600D14B8D /* Data */ = {
			isa = PBXGroup;
			children = (
				30E325672AB9D06E00D14B8D /* animals.json */,
				30E325642AB9D06E00D14B8D /* covers.json */,
				30E325652AB9D06E00D14B8D /* locations.json */,
				30E325662AB9D06E00D14B8D /* videos.json */,
			);
			path = Data;
			sourceTree = "<group>";
		};
		30E3256D2AB9D21300D14B8D /* App */ = {
			isa = PBXGroup;
			children = (
				30E3254A2AB9CE1E00D14B8D /* AfricaApp.swift */,
				30E3254C2AB9CE1E00D14B8D /* ContentView.swift */,
				30E3256E2AB9D26500D14B8D /* VideoListView.swift */,
				30E325702AB9D27F00D14B8D /* MapView.swift */,
				30E325722AB9D29100D14B8D /* GalleryView.swift */,
				30E325742AB9D2A400D14B8D /* MainView.swift */,
			);
			path = App;
			sourceTree = "<group>";
		};
		30E325762AB9D46900D14B8D /* View */ = {
			isa = PBXGroup;
			children = (
				30E325772AB9D47600D14B8D /* CoverImageView.swift */,
				30E3257F2AB9DB7600D14B8D /* AnimalListItemView.swift */,
				306338F72ABA0D9D00F5F90E /* AnimalDetailView.swift */,
				306338F92ABA106200F5F90E /* HeadingView.swift */,
				306338FB2ABA118500F5F90E /* InsetGalleryView.swift */,
				306338FD2ABA143A00F5F90E /* InsetFactView.swift */,
				306338FF2ABA163D00F5F90E /* InsetMapView.swift */,
				306339012ABA195300F5F90E /* ExternalWebLinkView.swift */,
				30D55ED92ABB1F2700791052 /* VideoListItemView.swift */,
				30D55EDB2ABB255100791052 /* VideoPlayerView.swift */,
				303EEA1D2ABB66B500CF35B3 /* MapAnnotationView.swift */,
				303EEA1F2ABB6B1100CF35B3 /* MotionAnimationView.swift */,
				309E706F2ABC288900C939D8 /* AnimalGridItemView.swift */,
				3088B9C62ABC56FC00AE5DEA /* CreditsView.swift */,
			);
			path = View;
			sourceTree = "<group>";
		};
		30E325792AB9D68400D14B8D /* Model */ = {
			isa = PBXGroup;
			children = (
				30E3257A2AB9D69500D14B8D /* CoverImageModel.swift */,
				30E325812AB9DD0F00D14B8D /* AnimalModel.swift */,
				30D55ED72ABB1EAF00791052 /* VideoModel.swift */,
				303EEA1B2ABB628500CF35B3 /* LocationModel.swift */,
			);
			path = Model;
			sourceTree = "<group>";
		};
		30E3257C2AB9D7AA00D14B8D /* Extension */ = {
			isa = PBXGroup;
			children = (
				30E3257D2AB9D7BF00D14B8D /* CodableBundleExtension.swift */,
			);
			path = Extension;
			sourceTree = "<group>";
		};
/* End PBXGroup section */

/* Begin PBXNativeTarget section */
		3088B9B92ABC53F800AE5DEA /* Stickers */ = {
			isa = PBXNativeTarget;
			buildConfigurationList = 3088B9C52ABC53FA00AE5DEA /* Build configuration list for PBXNativeTarget "Stickers" */;
			buildPhases = (
				3088B9B82ABC53F800AE5DEA /* Resources */,
			);
			buildRules = (
			);
			dependencies = (
			);
			name = Stickers;
			productName = Stickers;
			productReference = 3088B9BA2ABC53F800AE5DEA /* Stickers.appex */;
			productType = "com.apple.product-type.app-extension.messages-sticker-pack";
		};
		30E325462AB9CE1E00D14B8D /* Africa */ = {
			isa = PBXNativeTarget;
			buildConfigurationList = 30E325552AB9CE1F00D14B8D /* Build configuration list for PBXNativeTarget "Africa" */;
			buildPhases = (
				30E325432AB9CE1E00D14B8D /* Sources */,
				30E325442AB9CE1E00D14B8D /* Frameworks */,
				30E325452AB9CE1E00D14B8D /* Resources */,
				3088B9C22ABC53FA00AE5DEA /* Embed Foundation Extensions */,
			);
			buildRules = (
			);
			dependencies = (
				3088B9C02ABC53FA00AE5DEA /* PBXTargetDependency */,
			);
			name = Africa;
			productName = Africa;
			productReference = 30E325472AB9CE1E00D14B8D /* Africa.app */;
			productType = "com.apple.product-type.application";
		};
/* End PBXNativeTarget section */

/* Begin PBXProject section */
		30E3253F2AB9CE1E00D14B8D /* Project object */ = {
			isa = PBXProject;
			attributes = {
				BuildIndependentTargetsInParallel = 1;
				LastSwiftUpdateCheck = 1430;
				LastUpgradeCheck = 1430;
				TargetAttributes = {
					3088B9B92ABC53F800AE5DEA = {
						CreatedOnToolsVersion = 14.3.1;
					};
					30E325462AB9CE1E00D14B8D = {
						CreatedOnToolsVersion = 14.3.1;
					};
				};
			};
			buildConfigurationList = 30E325422AB9CE1E00D14B8D /* Build configuration list for PBXProject "Africa" */;
			compatibilityVersion = "Xcode 14.0";
			developmentRegion = en;
			hasScannedForEncodings = 0;
			knownRegions = (
				en,
				Base,
			);
			mainGroup = 30E3253E2AB9CE1E00D14B8D;
			productRefGroup = 30E325482AB9CE1E00D14B8D /* Products */;
			projectDirPath = "";
			projectRoot = "";
			targets = (
				30E325462AB9CE1E00D14B8D /* Africa */,
				3088B9B92ABC53F800AE5DEA /* Stickers */,
			);
		};
/* End PBXProject section */

/* Begin PBXResourcesBuildPhase section */
		3088B9B82ABC53F800AE5DEA /* Resources */ = {
			isa = PBXResourcesBuildPhase;
			buildActionMask = 2147483647;
			files = (
				3088B9BD2ABC53FA00AE5DEA /* Stickers.xcassets in Resources */,
			);
			runOnlyForDeploymentPostprocessing = 0;
		};
		30E325452AB9CE1E00D14B8D /* Resources */ = {
			isa = PBXResourcesBuildPhase;
			buildActionMask = 2147483647;
			files = (
				30E325522AB9CE1F00D14B8D /* Preview Assets.xcassets in Resources */,
				30E325682AB9D06E00D14B8D /* covers.json in Resources */,
				30E3256A2AB9D06E00D14B8D /* videos.json in Resources */,
				30E3256B2AB9D06E00D14B8D /* animals.json in Resources */,
				30E325692AB9D06E00D14B8D /* locations.json in Resources */,
				30E3254F2AB9CE1F00D14B8D /* Assets.xcassets in Resources */,
			);
			runOnlyForDeploymentPostprocessing = 0;
		};
/* End PBXResourcesBuildPhase section */

/* Begin PBXSourcesBuildPhase section */
		30E325432AB9CE1E00D14B8D /* Sources */ = {
			isa = PBXSourcesBuildPhase;
			buildActionMask = 2147483647;
			files = (
				30E3254D2AB9CE1E00D14B8D /* ContentView.swift in Sources */,
				30E325802AB9DB7600D14B8D /* AnimalListItemView.swift in Sources */,
				30E325752AB9D2A400D14B8D /* MainView.swift in Sources */,
				306338FE2ABA143A00F5F90E /* InsetFactView.swift in Sources */,
				30E325782AB9D47600D14B8D /* CoverImageView.swift in Sources */,
				30E3257B2AB9D69500D14B8D /* CoverImageModel.swift in Sources */,
				306338F82ABA0D9D00F5F90E /* AnimalDetailView.swift in Sources */,
				30E325822AB9DD0F00D14B8D /* AnimalModel.swift in Sources */,
				30E325712AB9D27F00D14B8D /* MapView.swift in Sources */,
				306339002ABA163D00F5F90E /* InsetMapView.swift in Sources */,
				30D55EDF2ABB265300791052 /* VideoPlayerHelper.swift in Sources */,
				30E3254B2AB9CE1E00D14B8D /* AfricaApp.swift in Sources */,
				306339022ABA195300F5F90E /* ExternalWebLinkView.swift in Sources */,
				303EEA1E2ABB66B500CF35B3 /* MapAnnotationView.swift in Sources */,
				30E3256F2AB9D26500D14B8D /* VideoListView.swift in Sources */,
				30D55ED82ABB1EAF00791052 /* VideoModel.swift in Sources */,
				30E325732AB9D29100D14B8D /* GalleryView.swift in Sources */,
				303EEA1C2ABB628500CF35B3 /* LocationModel.swift in Sources */,
				309E70702ABC288900C939D8 /* AnimalGridItemView.swift in Sources */,
				306338FC2ABA118500F5F90E /* InsetGalleryView.swift in Sources */,
				30D55EDA2ABB1F2700791052 /* VideoListItemView.swift in Sources */,
				3088B9C72ABC56FC00AE5DEA /* CreditsView.swift in Sources */,
				30E3257E2AB9D7BF00D14B8D /* CodableBundleExtension.swift in Sources */,
				303EEA202ABB6B1100CF35B3 /* MotionAnimationView.swift in Sources */,
				3088B9CA2ABC592200AE5DEA /* CenterModifier.swift in Sources */,
				306338FA2ABA106200F5F90E /* HeadingView.swift in Sources */,
				30D55EDC2ABB255100791052 /* VideoPlayerView.swift in Sources */,
			);
			runOnlyForDeploymentPostprocessing = 0;
		};
/* End PBXSourcesBuildPhase section */

/* Begin PBXTargetDependency section */
		3088B9C02ABC53FA00AE5DEA /* PBXTargetDependency */ = {
			isa = PBXTargetDependency;
			target = 3088B9B92ABC53F800AE5DEA /* Stickers */;
			targetProxy = 3088B9BF2ABC53FA00AE5DEA /* PBXContainerItemProxy */;
		};
/* End PBXTargetDependency section */

/* Begin XCBuildConfiguration section */
		3088B9C32ABC53FA00AE5DEA /* Debug */ = {
			isa = XCBuildConfiguration;
			buildSettings = {
				ASSETCATALOG_COMPILER_APPICON_NAME = "iMessage App Icon";
				CODE_SIGN_STYLE = Automatic;
				CURRENT_PROJECT_VERSION = 1;
				DEVELOPMENT_TEAM = Y28627RSMM;
				GENERATE_INFOPLIST_FILE = YES;
				INFOPLIST_FILE = Stickers/Info.plist;
				INFOPLIST_KEY_CFBundleDisplayName = Africa;
				MARKETING_VERSION = 1.0;
				PRODUCT_BUNDLE_IDENTIFIER = com.prathap.Africa.Stickers;
				PRODUCT_NAME = "$(TARGET_NAME)";
				SKIP_INSTALL = YES;
				SUPPORTS_MACCATALYST = NO;
				SWIFT_EMIT_LOC_STRINGS = YES;
				TARGETED_DEVICE_FAMILY = "1,2";
			};
			name = Debug;
		};
		3088B9C42ABC53FA00AE5DEA /* Release */ = {
			isa = XCBuildConfiguration;
			buildSettings = {
				ASSETCATALOG_COMPILER_APPICON_NAME = "iMessage App Icon";
				CODE_SIGN_STYLE = Automatic;
				CURRENT_PROJECT_VERSION = 1;
				DEVELOPMENT_TEAM = Y28627RSMM;
				GENERATE_INFOPLIST_FILE = YES;
				INFOPLIST_FILE = Stickers/Info.plist;
				INFOPLIST_KEY_CFBundleDisplayName = Africa;
				MARKETING_VERSION = 1.0;
				PRODUCT_BUNDLE_IDENTIFIER = com.prathap.Africa.Stickers;
				PRODUCT_NAME = "$(TARGET_NAME)";
				SKIP_INSTALL = YES;
				SUPPORTS_MACCATALYST = NO;
				SWIFT_EMIT_LOC_STRINGS = YES;
				TARGETED_DEVICE_FAMILY = "1,2";
			};
			name = Release;
		};
		30E325532AB9CE1F00D14B8D /* Debug */ = {
			isa = XCBuildConfiguration;
			buildSettings = {
				ALWAYS_SEARCH_USER_PATHS = NO;
				CLANG_ANALYZER_NONNULL = YES;
				CLANG_ANALYZER_NUMBER_OBJECT_CONVERSION = YES_AGGRESSIVE;
				CLANG_CXX_LANGUAGE_STANDARD = "gnu++20";
				CLANG_ENABLE_MODULES = YES;
				CLANG_ENABLE_OBJC_ARC = YES;
				CLANG_ENABLE_OBJC_WEAK = YES;
				CLANG_WARN_BLOCK_CAPTURE_AUTORELEASING = YES;
				CLANG_WARN_BOOL_CONVERSION = YES;
				CLANG_WARN_COMMA = YES;
				CLANG_WARN_CONSTANT_CONVERSION = YES;
				CLANG_WARN_DEPRECATED_OBJC_IMPLEMENTATIONS = YES;
				CLANG_WARN_DIRECT_OBJC_ISA_USAGE = YES_ERROR;
				CLANG_WARN_DOCUMENTATION_COMMENTS = YES;
				CLANG_WARN_EMPTY_BODY = YES;
				CLANG_WARN_ENUM_CONVERSION = YES;
				CLANG_WARN_INFINITE_RECURSION = YES;
				CLANG_WARN_INT_CONVERSION = YES;
				CLANG_WARN_NON_LITERAL_NULL_CONVERSION = YES;
				CLANG_WARN_OBJC_IMPLICIT_RETAIN_SELF = YES;
				CLANG_WARN_OBJC_LITERAL_CONVERSION = YES;
				CLANG_WARN_OBJC_ROOT_CLASS = YES_ERROR;
				CLANG_WARN_QUOTED_INCLUDE_IN_FRAMEWORK_HEADER = YES;
				CLANG_WARN_RANGE_LOOP_ANALYSIS = YES;
				CLANG_WARN_STRICT_PROTOTYPES = YES;
				CLANG_WARN_SUSPICIOUS_MOVE = YES;
				CLANG_WARN_UNGUARDED_AVAILABILITY = YES_AGGRESSIVE;
				CLANG_WARN_UNREACHABLE_CODE = YES;
				CLANG_WARN__DUPLICATE_METHOD_MATCH = YES;
				COPY_PHASE_STRIP = NO;
				DEBUG_INFORMATION_FORMAT = dwarf;
				ENABLE_STRICT_OBJC_MSGSEND = YES;
				ENABLE_TESTABILITY = YES;
				GCC_C_LANGUAGE_STANDARD = gnu11;
				GCC_DYNAMIC_NO_PIC = NO;
				GCC_NO_COMMON_BLOCKS = YES;
				GCC_OPTIMIZATION_LEVEL = 0;
				GCC_PREPROCESSOR_DEFINITIONS = (
					"DEBUG=1",
					"$(inherited)",
				);
				GCC_WARN_64_TO_32_BIT_CONVERSION = YES;
				GCC_WARN_ABOUT_RETURN_TYPE = YES_ERROR;
				GCC_WARN_UNDECLARED_SELECTOR = YES;
				GCC_WARN_UNINITIALIZED_AUTOS = YES_AGGRESSIVE;
				GCC_WARN_UNUSED_FUNCTION = YES;
				GCC_WARN_UNUSED_VARIABLE = YES;
				IPHONEOS_DEPLOYMENT_TARGET = 16.4;
				MTL_ENABLE_DEBUG_INFO = INCLUDE_SOURCE;
				MTL_FAST_MATH = YES;
				ONLY_ACTIVE_ARCH = YES;
				SDKROOT = iphoneos;
				SWIFT_ACTIVE_COMPILATION_CONDITIONS = DEBUG;
				SWIFT_OPTIMIZATION_LEVEL = "-Onone";
			};
			name = Debug;
		};
		30E325542AB9CE1F00D14B8D /* Release */ = {
			isa = XCBuildConfiguration;
			buildSettings = {
				ALWAYS_SEARCH_USER_PATHS = NO;
				CLANG_ANALYZER_NONNULL = YES;
				CLANG_ANALYZER_NUMBER_OBJECT_CONVERSION = YES_AGGRESSIVE;
				CLANG_CXX_LANGUAGE_STANDARD = "gnu++20";
				CLANG_ENABLE_MODULES = YES;
				CLANG_ENABLE_OBJC_ARC = YES;
				CLANG_ENABLE_OBJC_WEAK = YES;
				CLANG_WARN_BLOCK_CAPTURE_AUTORELEASING = YES;
				CLANG_WARN_BOOL_CONVERSION = YES;
				CLANG_WARN_COMMA = YES;
				CLANG_WARN_CONSTANT_CONVERSION = YES;
				CLANG_WARN_DEPRECATED_OBJC_IMPLEMENTATIONS = YES;
				CLANG_WARN_DIRECT_OBJC_ISA_USAGE = YES_ERROR;
				CLANG_WARN_DOCUMENTATION_COMMENTS = YES;
				CLANG_WARN_EMPTY_BODY = YES;
				CLANG_WARN_ENUM_CONVERSION = YES;
				CLANG_WARN_INFINITE_RECURSION = YES;
				CLANG_WARN_INT_CONVERSION = YES;
				CLANG_WARN_NON_LITERAL_NULL_CONVERSION = YES;
				CLANG_WARN_OBJC_IMPLICIT_RETAIN_SELF = YES;
				CLANG_WARN_OBJC_LITERAL_CONVERSION = YES;
				CLANG_WARN_OBJC_ROOT_CLASS = YES_ERROR;
				CLANG_WARN_QUOTED_INCLUDE_IN_FRAMEWORK_HEADER = YES;
				CLANG_WARN_RANGE_LOOP_ANALYSIS = YES;
				CLANG_WARN_STRICT_PROTOTYPES = YES;
				CLANG_WARN_SUSPICIOUS_MOVE = YES;
				CLANG_WARN_UNGUARDED_AVAILABILITY = YES_AGGRESSIVE;
				CLANG_WARN_UNREACHABLE_CODE = YES;
				CLANG_WARN__DUPLICATE_METHOD_MATCH = YES;
				COPY_PHASE_STRIP = NO;
				DEBUG_INFORMATION_FORMAT = "dwarf-with-dsym";
				ENABLE_NS_ASSERTIONS = NO;
				ENABLE_STRICT_OBJC_MSGSEND = YES;
				GCC_C_LANGUAGE_STANDARD = gnu11;
				GCC_NO_COMMON_BLOCKS = YES;
				GCC_WARN_64_TO_32_BIT_CONVERSION = YES;
				GCC_WARN_ABOUT_RETURN_TYPE = YES_ERROR;
				GCC_WARN_UNDECLARED_SELECTOR = YES;
				GCC_WARN_UNINITIALIZED_AUTOS = YES_AGGRESSIVE;
				GCC_WARN_UNUSED_FUNCTION = YES;
				GCC_WARN_UNUSED_VARIABLE = YES;
				IPHONEOS_DEPLOYMENT_TARGET = 16.4;
				MTL_ENABLE_DEBUG_INFO = NO;
				MTL_FAST_MATH = YES;
				SDKROOT = iphoneos;
				SWIFT_COMPILATION_MODE = wholemodule;
				SWIFT_OPTIMIZATION_LEVEL = "-O";
				VALIDATE_PRODUCT = YES;
			};
			name = Release;
		};
		30E325562AB9CE1F00D14B8D /* Debug */ = {
			isa = XCBuildConfiguration;
			buildSettings = {
				ASSETCATALOG_COMPILER_APPICON_NAME = AppIcon;
				ASSETCATALOG_COMPILER_GLOBAL_ACCENT_COLOR_NAME = AccentColor;
				CODE_SIGN_ENTITLEMENTS = Africa/Africa.entitlements;
				CODE_SIGN_STYLE = Automatic;
				CURRENT_PROJECT_VERSION = 1;
				DEVELOPMENT_ASSET_PATHS = "\"Africa/Preview Content\"";
				DEVELOPMENT_TEAM = Y28627RSMM;
				ENABLE_PREVIEWS = YES;
				GENERATE_INFOPLIST_FILE = YES;
				INFOPLIST_FILE = Africa/Info.plist;
				INFOPLIST_KEY_UIApplicationSceneManifest_Generation = YES;
				INFOPLIST_KEY_UIApplicationSupportsIndirectInputEvents = YES;
				INFOPLIST_KEY_UISupportedInterfaceOrientations = "UIInterfaceOrientationLandscapeLeft UIInterfaceOrientationLandscapeRight UIInterfaceOrientationPortrait";
				INFOPLIST_KEY_UIUserInterfaceStyle = Dark;
				LD_RUNPATH_SEARCH_PATHS = (
					"$(inherited)",
					"@executable_path/Frameworks",
				);
				MARKETING_VERSION = 1.0;
				PRODUCT_BUNDLE_IDENTIFIER = com.prathap.Africa;
				PRODUCT_NAME = "$(TARGET_NAME)";
				SUPPORTED_PLATFORMS = "iphoneos iphonesimulator macosx";
				SUPPORTS_MACCATALYST = YES;
				SUPPORTS_MAC_DESIGNED_FOR_IPHONE_IPAD = YES;
				SWIFT_EMIT_LOC_STRINGS = YES;
				SWIFT_VERSION = 5.0;
				TARGETED_DEVICE_FAMILY = "1,2";
			};
			name = Debug;
		};
		30E325572AB9CE1F00D14B8D /* Release */ = {
			isa = XCBuildConfiguration;
			buildSettings = {
				ASSETCATALOG_COMPILER_APPICON_NAME = AppIcon;
				ASSETCATALOG_COMPILER_GLOBAL_ACCENT_COLOR_NAME = AccentColor;
				CODE_SIGN_ENTITLEMENTS = Africa/Africa.entitlements;
				CODE_SIGN_STYLE = Automatic;
				CURRENT_PROJECT_VERSION = 1;
				DEVELOPMENT_ASSET_PATHS = "\"Africa/Preview Content\"";
				DEVELOPMENT_TEAM = Y28627RSMM;
				ENABLE_PREVIEWS = YES;
				GENERATE_INFOPLIST_FILE = YES;
				INFOPLIST_FILE = Africa/Info.plist;
				INFOPLIST_KEY_UIApplicationSceneManifest_Generation = YES;
				INFOPLIST_KEY_UIApplicationSupportsIndirectInputEvents = YES;
				INFOPLIST_KEY_UISupportedInterfaceOrientations = "UIInterfaceOrientationLandscapeLeft UIInterfaceOrientationLandscapeRight UIInterfaceOrientationPortrait";
				INFOPLIST_KEY_UIUserInterfaceStyle = Dark;
				LD_RUNPATH_SEARCH_PATHS = (
					"$(inherited)",
					"@executable_path/Frameworks",
				);
				MARKETING_VERSION = 1.0;
				PRODUCT_BUNDLE_IDENTIFIER = com.prathap.Africa;
				PRODUCT_NAME = "$(TARGET_NAME)";
				SUPPORTED_PLATFORMS = "iphoneos iphonesimulator macosx";
				SUPPORTS_MACCATALYST = YES;
				SUPPORTS_MAC_DESIGNED_FOR_IPHONE_IPAD = YES;
				SWIFT_EMIT_LOC_STRINGS = YES;
				SWIFT_VERSION = 5.0;
				TARGETED_DEVICE_FAMILY = "1,2";
			};
			name = Release;
		};
/* End XCBuildConfiguration section */

/* Begin XCConfigurationList section */
		3088B9C52ABC53FA00AE5DEA /* Build configuration list for PBXNativeTarget "Stickers" */ = {
			isa = XCConfigurationList;
			buildConfigurations = (
				3088B9C32ABC53FA00AE5DEA /* Debug */,
				3088B9C42ABC53FA00AE5DEA /* Release */,
			);
			defaultConfigurationIsVisible = 0;
			defaultConfigurationName = Release;
		};
		30E325422AB9CE1E00D14B8D /* Build configuration list for PBXProject "Africa" */ = {
			isa = XCConfigurationList;
			buildConfigurations = (
				30E325532AB9CE1F00D14B8D /* Debug */,
				30E325542AB9CE1F00D14B8D /* Release */,
			);
			defaultConfigurationIsVisible = 0;
			defaultConfigurationName = Release;
		};
		30E325552AB9CE1F00D14B8D /* Build configuration list for PBXNativeTarget "Africa" */ = {
			isa = XCConfigurationList;
			buildConfigurations = (
				30E325562AB9CE1F00D14B8D /* Debug */,
				30E325572AB9CE1F00D14B8D /* Release */,
			);
			defaultConfigurationIsVisible = 0;
			defaultConfigurationName = Release;
		};
/* End XCConfigurationList section */
	};
	rootObject = 30E3253F2AB9CE1E00D14B8D /* Project object */;
}
